
Microsoft Visual Studio Solution File, Format Version 12.00
# Visual Studio Version 17
VisualStudioVersion = 17.0.32014.148
MinimumVisualStudioVersion = 10.0.40219.1
Project("{2150E333-8FDC-42A3-9474-1A3956D46DE8}") = "Account", "Account", "{8267C7FE-9BE2-43A6-B340-130A131DBA1C}"
EndProject
Project("{2150E333-8FDC-42A3-9474-1A3956D46DE8}") = "Company", "Company", "{F8E21F7F-575A-4B18-8ADC-03A602C88DB5}"
EndProject
Project("{2150E333-8FDC-42A3-9474-1A3956D46DE8}") = "Invoice", "Invoice", "{D3B239AB-2E51-46D7-8CDB-75F890BB6B59}"
EndProject
Project("{2150E333-8FDC-42A3-9474-1A3956D46DE8}") = "Order", "Order", "{0219908B-DFAD-4690-8F74-AE1A6F95BEB7}"
EndProject
Project("{2150E333-8FDC-42A3-9474-1A3956D46DE8}") = "Product", "Product", "{7C82921A-220D-4778-810C-3AA90A39EA2A}"
EndProject
Project("{2150E333-8FDC-42A3-9474-1A3956D46DE8}") = "Common", "Common", "{7C98BCCF-E95A-442B-BEE7-1D319E1AAACC}"
EndProject
Project("{9A19103F-16F7-4668-BE54-9A1E7A4F7556}") = "QIQO.Business.Core", "Common\QIQO.Business.Core\QIQO.Business.Core.csproj", "{EBC23D2D-7771-4121-AE68-D6AFFB5426A2}"
EndProject
Project("{9A19103F-16F7-4668-BE54-9A1E7A4F7556}") = "QIQO.Companies.Domain", "Company\QIQO.Companies.Domain\QIQO.Companies.Domain.csproj", "{857DD00D-80C2-4B85-8AF6-C064C5E2CC70}"
EndProject
Project("{9A19103F-16F7-4668-BE54-9A1E7A4F7556}") = "QIQO.Companies.Data", "Company\QIQO.Companies.Data\QIQO.Companies.Data.csproj", "{55CD4178-54C2-4155-BD69-7F64335160E1}"
EndProject
Project("{9A19103F-16F7-4668-BE54-9A1E7A4F7556}") = "QIQO.Accounts.Domain", "Account\QIQO.Accounts.Domain\QIQO.Accounts.Domain.csproj", "{4F02119A-BFEA-4D30-8B62-8F9BDBC23F34}"
EndProject
Project("{9A19103F-16F7-4668-BE54-9A1E7A4F7556}") = "QIQO.Accounts.Data", "Account\QIQO.Accounts.Data\QIQO.Accounts.Data.csproj", "{0680732A-F753-4EFD-A275-44D818C9890D}"
EndProject
Project("{9A19103F-16F7-4668-BE54-9A1E7A4F7556}") = "QIQO.Invoices.Domain", "Invoice\QIQO.Invoices.Domain\QIQO.Invoices.Domain.csproj", "{3A913391-A076-48DD-9E8E-1600B010F150}"
EndProject
Project("{9A19103F-16F7-4668-BE54-9A1E7A4F7556}") = "QIQO.Invoices.Data", "Invoice\QIQO.Invoices.Data\QIQO.Invoices.Data.csproj", "{6DBB54CF-BFF2-481C-9518-6969E971FE3B}"
EndProject
Project("{9A19103F-16F7-4668-BE54-9A1E7A4F7556}") = "QIQO.Orders.Domain", "Order\QIQO.Orders.Domain\QIQO.Orders.Domain.csproj", "{94B28B45-EFE7-40A5-8B26-599644E0D9E5}"
EndProject
Project("{9A19103F-16F7-4668-BE54-9A1E7A4F7556}") = "QIQO.Orders.Data", "Order\QIQO.Orders.Data\QIQO.Orders.Data.csproj", "{5C649969-2CCF-4810-8C6D-1F58D9DB44CD}"
EndProject
Project("{9A19103F-16F7-4668-BE54-9A1E7A4F7556}") = "QIQO.Products.Domain", "Product\QIQO.Products.Domain\QIQO.Products.Domain.csproj", "{DEE6564D-3190-4963-8116-77635AEFD3E1}"
EndProject
Project("{9A19103F-16F7-4668-BE54-9A1E7A4F7556}") = "QIQO.Products.Data", "Product\QIQO.Products.Data\QIQO.Products.Data.csproj", "{5CBF891E-576B-4C96-908A-726BDBB6E199}"
EndProject
Project("{9A19103F-16F7-4668-BE54-9A1E7A4F7556}") = "QIQO.Business.Api", "Common\QIQO.Business.Api\QIQO.Business.Api.csproj", "{1FE62831-36EA-4613-AC45-171E0658DBE1}"
EndProject
Project("{9A19103F-16F7-4668-BE54-9A1E7A4F7556}") = "QIQO.Accounts.Manager", "Account\QIQO.Accounts.Manager\QIQO.Accounts.Manager.csproj", "{C1577204-F432-46FA-9D28-95D6F1D676A7}"
EndProject
Project("{9A19103F-16F7-4668-BE54-9A1E7A4F7556}") = "QIQO.Companies.Manager", "Company\QIQO.Companies.Manager\QIQO.Companies.Manager.csproj", "{84FF20E0-95A5-41DA-A42D-61B82493C381}"
EndProject
Project("{9A19103F-16F7-4668-BE54-9A1E7A4F7556}") = "QIQO.Invoices.Manager", "Invoice\QIQO.Invoices.Manager\QIQO.Invoices.Manager.csproj", "{8868B415-2B12-4B03-ABE5-E309306204F4}"
EndProject
Project("{9A19103F-16F7-4668-BE54-9A1E7A4F7556}") = "QIQO.Orders.Manager", "Order\QIQO.Orders.Manager\QIQO.Orders.Manager.csproj", "{7496D1A8-C3CF-48A1-8E76-8B6DAEA003FF}"
EndProject
Project("{9A19103F-16F7-4668-BE54-9A1E7A4F7556}") = "QIQO.Products.Manager", "Product\QIQO.Products.Manager\QIQO.Products.Manager.csproj", "{FEC5F7B8-B0A3-44BB-A591-97E319A9D094}"
EndProject
Project("{9A19103F-16F7-4668-BE54-9A1E7A4F7556}") = "QIQO.Accounts.Tests", "Account\QIQO.Accounts.Tests\QIQO.Accounts.Tests.csproj", "{88C8CFFC-25BA-4E6A-80B9-6BDC51889F32}"
EndProject
Project("{9A19103F-16F7-4668-BE54-9A1E7A4F7556}") = "QIQO.Companies.Tests", "Company\QIQO.Companies.Tests\QIQO.Companies.Tests.csproj", "{BDCAA2AB-396C-43B7-A560-144723797C19}"
EndProject
Project("{9A19103F-16F7-4668-BE54-9A1E7A4F7556}") = "QIQO.Invoices.Tests", "Invoice\QIQO.Invoices.Tests\QIQO.Invoices.Tests.csproj", "{10CF24BA-AAF4-434E-B470-5A6304330F6A}"
EndProject
Project("{9A19103F-16F7-4668-BE54-9A1E7A4F7556}") = "QIQO.Orders.Tests", "Order\QIQO.Orders.Tests\QIQO.Orders.Tests.csproj", "{36528029-4042-4976-B9DB-8F17CBFE314E}"
EndProject
Project("{9A19103F-16F7-4668-BE54-9A1E7A4F7556}") = "QIQO.Products.Tests", "Product\QIQO.Products.Tests\QIQO.Products.Tests.csproj", "{4A440300-A1E8-47C3-AB37-81D4ED8B2B84}"
EndProject
Project("{9A19103F-16F7-4668-BE54-9A1E7A4F7556}") = "QIQO.MQ", "Common\QIQO.MQ\QIQO.MQ.csproj", "{B15EB576-81D0-430B-B247-758653C13A2E}"
EndProject
Project("{9A19103F-16F7-4668-BE54-9A1E7A4F7556}") = "QIQO.Accounts.Api", "Account\QIQO.Accounts.Api\QIQO.Accounts.Api.csproj", "{F3853E9D-F103-4562-ABF8-13A42898B81B}"
EndProject
Project("{9A19103F-16F7-4668-BE54-9A1E7A4F7556}") = "QIQO.Companies.Api", "Company\QIQO.Companies.Api\QIQO.Companies.Api.csproj", "{108557BD-2407-48EF-8BD5-DBA990036C25}"
EndProject
Project("{9A19103F-16F7-4668-BE54-9A1E7A4F7556}") = "QIQO.Invoices.Api", "Invoice\QIQO.Invoices.Api\QIQO.Invoices.Api.csproj", "{069224AA-392B-44C1-B8E8-4A87F057650B}"
EndProject
Project("{9A19103F-16F7-4668-BE54-9A1E7A4F7556}") = "QIQO.Orders.Api", "Order\QIQO.Orders.Api\QIQO.Orders.Api.csproj", "{227B380A-D171-4AF4-9309-04020BB87C96}"
EndProject
Project("{FAE04EC0-301F-11D3-BF4B-00C04F79EFBC}") = "QIQO.Products.Api", "Product\QIQO.Products.Api\QIQO.Products.Api.csproj", "{DD8E4C07-5CFB-407C-BF8C-EC8706C60B31}"
EndProject
Global
	GlobalSection(SolutionConfigurationPlatforms) = preSolution
		Debug|Any CPU = Debug|Any CPU
		Release|Any CPU = Release|Any CPU
	EndGlobalSection
	GlobalSection(ProjectConfigurationPlatforms) = postSolution
		{EBC23D2D-7771-4121-AE68-D6AFFB5426A2}.Debug|Any CPU.ActiveCfg = Debug|Any CPU
		{EBC23D2D-7771-4121-AE68-D6AFFB5426A2}.Debug|Any CPU.Build.0 = Debug|Any CPU
		{EBC23D2D-7771-4121-AE68-D6AFFB5426A2}.Release|Any CPU.ActiveCfg = Release|Any CPU
		{EBC23D2D-7771-4121-AE68-D6AFFB5426A2}.Release|Any CPU.Build.0 = Release|Any CPU
		{857DD00D-80C2-4B85-8AF6-C064C5E2CC70}.Debug|Any CPU.ActiveCfg = Debug|Any CPU
		{857DD00D-80C2-4B85-8AF6-C064C5E2CC70}.Debug|Any CPU.Build.0 = Debug|Any CPU
		{857DD00D-80C2-4B85-8AF6-C064C5E2CC70}.Release|Any CPU.ActiveCfg = Release|Any CPU
		{857DD00D-80C2-4B85-8AF6-C064C5E2CC70}.Release|Any CPU.Build.0 = Release|Any CPU
		{55CD4178-54C2-4155-BD69-7F64335160E1}.Debug|Any CPU.ActiveCfg = Debug|Any CPU
		{55CD4178-54C2-4155-BD69-7F64335160E1}.Debug|Any CPU.Build.0 = Debug|Any CPU
		{55CD4178-54C2-4155-BD69-7F64335160E1}.Release|Any CPU.ActiveCfg = Release|Any CPU
		{55CD4178-54C2-4155-BD69-7F64335160E1}.Release|Any CPU.Build.0 = Release|Any CPU
		{4F02119A-BFEA-4D30-8B62-8F9BDBC23F34}.Debug|Any CPU.ActiveCfg = Debug|Any CPU
		{4F02119A-BFEA-4D30-8B62-8F9BDBC23F34}.Debug|Any CPU.Build.0 = Debug|Any CPU
		{4F02119A-BFEA-4D30-8B62-8F9BDBC23F34}.Release|Any CPU.ActiveCfg = Release|Any CPU
		{4F02119A-BFEA-4D30-8B62-8F9BDBC23F34}.Release|Any CPU.Build.0 = Release|Any CPU
		{0680732A-F753-4EFD-A275-44D818C9890D}.Debug|Any CPU.ActiveCfg = Debug|Any CPU
		{0680732A-F753-4EFD-A275-44D818C9890D}.Debug|Any CPU.Build.0 = Debug|Any CPU
		{0680732A-F753-4EFD-A275-44D818C9890D}.Release|Any CPU.ActiveCfg = Release|Any CPU
		{0680732A-F753-4EFD-A275-44D818C9890D}.Release|Any CPU.Build.0 = Release|Any CPU
		{3A913391-A076-48DD-9E8E-1600B010F150}.Debug|Any CPU.ActiveCfg = Debug|Any CPU
		{3A913391-A076-48DD-9E8E-1600B010F150}.Debug|Any CPU.Build.0 = Debug|Any CPU
		{3A913391-A076-48DD-9E8E-1600B010F150}.Release|Any CPU.ActiveCfg = Release|Any CPU
		{3A913391-A076-48DD-9E8E-1600B010F150}.Release|Any CPU.Build.0 = Release|Any CPU
		{6DBB54CF-BFF2-481C-9518-6969E971FE3B}.Debug|Any CPU.ActiveCfg = Debug|Any CPU
		{6DBB54CF-BFF2-481C-9518-6969E971FE3B}.Debug|Any CPU.Build.0 = Debug|Any CPU
		{6DBB54CF-BFF2-481C-9518-6969E971FE3B}.Release|Any CPU.ActiveCfg = Release|Any CPU
		{6DBB54CF-BFF2-481C-9518-6969E971FE3B}.Release|Any CPU.Build.0 = Release|Any CPU
		{94B28B45-EFE7-40A5-8B26-599644E0D9E5}.Debug|Any CPU.ActiveCfg = Debug|Any CPU
		{94B28B45-EFE7-40A5-8B26-599644E0D9E5}.Debug|Any CPU.Build.0 = Debug|Any CPU
		{94B28B45-EFE7-40A5-8B26-599644E0D9E5}.Release|Any CPU.ActiveCfg = Release|Any CPU
		{94B28B45-EFE7-40A5-8B26-599644E0D9E5}.Release|Any CPU.Build.0 = Release|Any CPU
		{5C649969-2CCF-4810-8C6D-1F58D9DB44CD}.Debug|Any CPU.ActiveCfg = Debug|Any CPU
		{5C649969-2CCF-4810-8C6D-1F58D9DB44CD}.Debug|Any CPU.Build.0 = Debug|Any CPU
		{5C649969-2CCF-4810-8C6D-1F58D9DB44CD}.Release|Any CPU.ActiveCfg = Release|Any CPU
		{5C649969-2CCF-4810-8C6D-1F58D9DB44CD}.Release|Any CPU.Build.0 = Release|Any CPU
		{DEE6564D-3190-4963-8116-77635AEFD3E1}.Debug|Any CPU.ActiveCfg = Debug|Any CPU
		{DEE6564D-3190-4963-8116-77635AEFD3E1}.Debug|Any CPU.Build.0 = Debug|Any CPU
		{DEE6564D-3190-4963-8116-77635AEFD3E1}.Release|Any CPU.ActiveCfg = Release|Any CPU
		{DEE6564D-3190-4963-8116-77635AEFD3E1}.Release|Any CPU.Build.0 = Release|Any CPU
		{5CBF891E-576B-4C96-908A-726BDBB6E199}.Debug|Any CPU.ActiveCfg = Debug|Any CPU
		{5CBF891E-576B-4C96-908A-726BDBB6E199}.Debug|Any CPU.Build.0 = Debug|Any CPU
		{5CBF891E-576B-4C96-908A-726BDBB6E199}.Release|Any CPU.ActiveCfg = Release|Any CPU
		{5CBF891E-576B-4C96-908A-726BDBB6E199}.Release|Any CPU.Build.0 = Release|Any CPU
		{1FE62831-36EA-4613-AC45-171E0658DBE1}.Debug|Any CPU.ActiveCfg = Debug|Any CPU
		{1FE62831-36EA-4613-AC45-171E0658DBE1}.Debug|Any CPU.Build.0 = Debug|Any CPU
		{1FE62831-36EA-4613-AC45-171E0658DBE1}.Release|Any CPU.ActiveCfg = Release|Any CPU
		{1FE62831-36EA-4613-AC45-171E0658DBE1}.Release|Any CPU.Build.0 = Release|Any CPU
		{C1577204-F432-46FA-9D28-95D6F1D676A7}.Debug|Any CPU.ActiveCfg = Debug|Any CPU
		{C1577204-F432-46FA-9D28-95D6F1D676A7}.Debug|Any CPU.Build.0 = Debug|Any CPU
		{C1577204-F432-46FA-9D28-95D6F1D676A7}.Release|Any CPU.ActiveCfg = Release|Any CPU
		{C1577204-F432-46FA-9D28-95D6F1D676A7}.Release|Any CPU.Build.0 = Release|Any CPU
		{84FF20E0-95A5-41DA-A42D-61B82493C381}.Debug|Any CPU.ActiveCfg = Debug|Any CPU
		{84FF20E0-95A5-41DA-A42D-61B82493C381}.Debug|Any CPU.Build.0 = Debug|Any CPU
		{84FF20E0-95A5-41DA-A42D-61B82493C381}.Release|Any CPU.ActiveCfg = Release|Any CPU
		{84FF20E0-95A5-41DA-A42D-61B82493C381}.Release|Any CPU.Build.0 = Release|Any CPU
		{8868B415-2B12-4B03-ABE5-E309306204F4}.Debug|Any CPU.ActiveCfg = Debug|Any CPU
		{8868B415-2B12-4B03-ABE5-E309306204F4}.Debug|Any CPU.Build.0 = Debug|Any CPU
		{8868B415-2B12-4B03-ABE5-E309306204F4}.Release|Any CPU.ActiveCfg = Release|Any CPU
		{8868B415-2B12-4B03-ABE5-E309306204F4}.Release|Any CPU.Build.0 = Release|Any CPU
		{7496D1A8-C3CF-48A1-8E76-8B6DAEA003FF}.Debug|Any CPU.ActiveCfg = Debug|Any CPU
		{7496D1A8-C3CF-48A1-8E76-8B6DAEA003FF}.Debug|Any CPU.Build.0 = Debug|Any CPU
		{7496D1A8-C3CF-48A1-8E76-8B6DAEA003FF}.Release|Any CPU.ActiveCfg = Release|Any CPU
		{7496D1A8-C3CF-48A1-8E76-8B6DAEA003FF}.Release|Any CPU.Build.0 = Release|Any CPU
		{FEC5F7B8-B0A3-44BB-A591-97E319A9D094}.Debug|Any CPU.ActiveCfg = Debug|Any CPU
		{FEC5F7B8-B0A3-44BB-A591-97E319A9D094}.Debug|Any CPU.Build.0 = Debug|Any CPU
		{FEC5F7B8-B0A3-44BB-A591-97E319A9D094}.Release|Any CPU.ActiveCfg = Release|Any CPU
		{FEC5F7B8-B0A3-44BB-A591-97E319A9D094}.Release|Any CPU.Build.0 = Release|Any CPU
		{88C8CFFC-25BA-4E6A-80B9-6BDC51889F32}.Debug|Any CPU.ActiveCfg = Debug|Any CPU
		{88C8CFFC-25BA-4E6A-80B9-6BDC51889F32}.Debug|Any CPU.Build.0 = Debug|Any CPU
		{88C8CFFC-25BA-4E6A-80B9-6BDC51889F32}.Release|Any CPU.ActiveCfg = Release|Any CPU
		{88C8CFFC-25BA-4E6A-80B9-6BDC51889F32}.Release|Any CPU.Build.0 = Release|Any CPU
		{BDCAA2AB-396C-43B7-A560-144723797C19}.Debug|Any CPU.ActiveCfg = Debug|Any CPU
		{BDCAA2AB-396C-43B7-A560-144723797C19}.Debug|Any CPU.Build.0 = Debug|Any CPU
		{BDCAA2AB-396C-43B7-A560-144723797C19}.Release|Any CPU.ActiveCfg = Release|Any CPU
		{BDCAA2AB-396C-43B7-A560-144723797C19}.Release|Any CPU.Build.0 = Release|Any CPU
		{10CF24BA-AAF4-434E-B470-5A6304330F6A}.Debug|Any CPU.ActiveCfg = Debug|Any CPU
		{10CF24BA-AAF4-434E-B470-5A6304330F6A}.Debug|Any CPU.Build.0 = Debug|Any CPU
		{10CF24BA-AAF4-434E-B470-5A6304330F6A}.Release|Any CPU.ActiveCfg = Release|Any CPU
		{10CF24BA-AAF4-434E-B470-5A6304330F6A}.Release|Any CPU.Build.0 = Release|Any CPU
		{36528029-4042-4976-B9DB-8F17CBFE314E}.Debug|Any CPU.ActiveCfg = Debug|Any CPU
		{36528029-4042-4976-B9DB-8F17CBFE314E}.Debug|Any CPU.Build.0 = Debug|Any CPU
		{36528029-4042-4976-B9DB-8F17CBFE314E}.Release|Any CPU.ActiveCfg = Release|Any CPU
		{36528029-4042-4976-B9DB-8F17CBFE314E}.Release|Any CPU.Build.0 = Release|Any CPU
		{4A440300-A1E8-47C3-AB37-81D4ED8B2B84}.Debug|Any CPU.ActiveCfg = Debug|Any CPU
		{4A440300-A1E8-47C3-AB37-81D4ED8B2B84}.Debug|Any CPU.Build.0 = Debug|Any CPU
		{4A440300-A1E8-47C3-AB37-81D4ED8B2B84}.Release|Any CPU.ActiveCfg = Release|Any CPU
		{4A440300-A1E8-47C3-AB37-81D4ED8B2B84}.Release|Any CPU.Build.0 = Release|Any CPU
		{B15EB576-81D0-430B-B247-758653C13A2E}.Debug|Any CPU.ActiveCfg = Debug|Any CPU
		{B15EB576-81D0-430B-B247-758653C13A2E}.Debug|Any CPU.Build.0 = Debug|Any CPU
		{B15EB576-81D0-430B-B247-758653C13A2E}.Release|Any CPU.ActiveCfg = Release|Any CPU
		{B15EB576-81D0-430B-B247-758653C13A2E}.Release|Any CPU.Build.0 = Release|Any CPU
		{F3853E9D-F103-4562-ABF8-13A42898B81B}.Debug|Any CPU.ActiveCfg = Debug|Any CPU
		{F3853E9D-F103-4562-ABF8-13A42898B81B}.Debug|Any CPU.Build.0 = Debug|Any CPU
		{F3853E9D-F103-4562-ABF8-13A42898B81B}.Release|Any CPU.ActiveCfg = Release|Any CPU
		{F3853E9D-F103-4562-ABF8-13A42898B81B}.Release|Any CPU.Build.0 = Release|Any CPU
		{108557BD-2407-48EF-8BD5-DBA990036C25}.Debug|Any CPU.ActiveCfg = Debug|Any CPU
		{108557BD-2407-48EF-8BD5-DBA990036C25}.Debug|Any CPU.Build.0 = Debug|Any CPU
		{108557BD-2407-48EF-8BD5-DBA990036C25}.Release|Any CPU.ActiveCfg = Release|Any CPU
		{108557BD-2407-48EF-8BD5-DBA990036C25}.Release|Any CPU.Build.0 = Release|Any CPU
		{069224AA-392B-44C1-B8E8-4A87F057650B}.Debug|Any CPU.ActiveCfg = Debug|Any CPU
		{069224AA-392B-44C1-B8E8-4A87F057650B}.Debug|Any CPU.Build.0 = Debug|Any CPU
		{069224AA-392B-44C1-B8E8-4A87F057650B}.Release|Any CPU.ActiveCfg = Release|Any CPU
		{069224AA-392B-44C1-B8E8-4A87F057650B}.Release|Any CPU.Build.0 = Release|Any CPU
		{227B380A-D171-4AF4-9309-04020BB87C96}.Debug|Any CPU.ActiveCfg = Debug|Any CPU
		{227B380A-D171-4AF4-9309-04020BB87C96}.Debug|Any CPU.Build.0 = Debug|Any CPU
		{227B380A-D171-4AF4-9309-04020BB87C96}.Release|Any CPU.ActiveCfg = Release|Any CPU
		{227B380A-D171-4AF4-9309-04020BB87C96}.Release|Any CPU.Build.0 = Release|Any CPU
		{DD8E4C07-5CFB-407C-BF8C-EC8706C60B31}.Debug|Any CPU.ActiveCfg = Debug|Any CPU
		{DD8E4C07-5CFB-407C-BF8C-EC8706C60B31}.Debug|Any CPU.Build.0 = Debug|Any CPU
		{DD8E4C07-5CFB-407C-BF8C-EC8706C60B31}.Release|Any CPU.ActiveCfg = Release|Any CPU
		{DD8E4C07-5CFB-407C-BF8C-EC8706C60B31}.Release|Any CPU.Build.0 = Release|Any CPU
	EndGlobalSection
	GlobalSection(SolutionProperties) = preSolution
		HideSolutionNode = FALSE
	EndGlobalSection
	GlobalSection(NestedProjects) = preSolution
		{EBC23D2D-7771-4121-AE68-D6AFFB5426A2} = {7C98BCCF-E95A-442B-BEE7-1D319E1AAACC}
		{857DD00D-80C2-4B85-8AF6-C064C5E2CC70} = {F8E21F7F-575A-4B18-8ADC-03A602C88DB5}
		{55CD4178-54C2-4155-BD69-7F64335160E1} = {F8E21F7F-575A-4B18-8ADC-03A602C88DB5}
		{4F02119A-BFEA-4D30-8B62-8F9BDBC23F34} = {8267C7FE-9BE2-43A6-B340-130A131DBA1C}
		{0680732A-F753-4EFD-A275-44D818C9890D} = {8267C7FE-9BE2-43A6-B340-130A131DBA1C}
		{3A913391-A076-48DD-9E8E-1600B010F150} = {D3B239AB-2E51-46D7-8CDB-75F890BB6B59}
		{6DBB54CF-BFF2-481C-9518-6969E971FE3B} = {D3B239AB-2E51-46D7-8CDB-75F890BB6B59}
		{94B28B45-EFE7-40A5-8B26-599644E0D9E5} = {0219908B-DFAD-4690-8F74-AE1A6F95BEB7}
		{5C649969-2CCF-4810-8C6D-1F58D9DB44CD} = {0219908B-DFAD-4690-8F74-AE1A6F95BEB7}
		{DEE6564D-3190-4963-8116-77635AEFD3E1} = {7C82921A-220D-4778-810C-3AA90A39EA2A}
		{5CBF891E-576B-4C96-908A-726BDBB6E199} = {7C82921A-220D-4778-810C-3AA90A39EA2A}
		{1FE62831-36EA-4613-AC45-171E0658DBE1} = {7C98BCCF-E95A-442B-BEE7-1D319E1AAACC}
		{C1577204-F432-46FA-9D28-95D6F1D676A7} = {8267C7FE-9BE2-43A6-B340-130A131DBA1C}
		{84FF20E0-95A5-41DA-A42D-61B82493C381} = {F8E21F7F-575A-4B18-8ADC-03A602C88DB5}
		{8868B415-2B12-4B03-ABE5-E309306204F4} = {D3B239AB-2E51-46D7-8CDB-75F890BB6B59}
		{7496D1A8-C3CF-48A1-8E76-8B6DAEA003FF} = {0219908B-DFAD-4690-8F74-AE1A6F95BEB7}
		{FEC5F7B8-B0A3-44BB-A591-97E319A9D094} = {7C82921A-220D-4778-810C-3AA90A39EA2A}
		{88C8CFFC-25BA-4E6A-80B9-6BDC51889F32} = {8267C7FE-9BE2-43A6-B340-130A131DBA1C}
		{BDCAA2AB-396C-43B7-A560-144723797C19} = {F8E21F7F-575A-4B18-8ADC-03A602C88DB5}
		{10CF24BA-AAF4-434E-B470-5A6304330F6A} = {D3B239AB-2E51-46D7-8CDB-75F890BB6B59}
		{36528029-4042-4976-B9DB-8F17CBFE314E} = {0219908B-DFAD-4690-8F74-AE1A6F95BEB7}
		{4A440300-A1E8-47C3-AB37-81D4ED8B2B84} = {7C82921A-220D-4778-810C-3AA90A39EA2A}
		{B15EB576-81D0-430B-B247-758653C13A2E} = {7C98BCCF-E95A-442B-BEE7-1D319E1AAACC}
		{F3853E9D-F103-4562-ABF8-13A42898B81B} = {8267C7FE-9BE2-43A6-B340-130A131DBA1C}
		{108557BD-2407-48EF-8BD5-DBA990036C25} = {F8E21F7F-575A-4B18-8ADC-03A602C88DB5}
		{069224AA-392B-44C1-B8E8-4A87F057650B} = {D3B239AB-2E51-46D7-8CDB-75F890BB6B59}
		{227B380A-D171-4AF4-9309-04020BB87C96} = {0219908B-DFAD-4690-8F74-AE1A6F95BEB7}
		{DD8E4C07-5CFB-407C-BF8C-EC8706C60B31} = {7C82921A-220D-4778-810C-3AA90A39EA2A}
	EndGlobalSection
	GlobalSection(ExtensibilityGlobals) = postSolution
		SolutionGuid = {0D30E9C8-D743-4661-A00F-DE0CBBA8E57D}
	EndGlobalSection
EndGlobal
